// !$*UTF8*$!
{
	archiveVersion = 1;
	classes = {
	};
	objectVersion = 56;
	objects = {

/* Begin PBXBuildFile section */
		8F46EED72BB3104500EA59ED /* AboutUsController.swift in Sources */ = {isa = PBXBuildFile; fileRef = 8F46EED62BB3104500EA59ED /* AboutUsController.swift */; };
		8F46EED92BB3108600EA59ED /* LoginController.swift in Sources */ = {isa = PBXBuildFile; fileRef = 8F46EED82BB3108600EA59ED /* LoginController.swift */; };
		8F46EEDB2BB310A900EA59ED /* CoachController.swift in Sources */ = {isa = PBXBuildFile; fileRef = 8F46EEDA2BB310A900EA59ED /* CoachController.swift */; };
		8F46EEDD2BB310D800EA59ED /* MealController.swift in Sources */ = {isa = PBXBuildFile; fileRef = 8F46EEDC2BB310D800EA59ED /* MealController.swift */; };
		8F46EEDF2BB3110D00EA59ED /* MealsController.swift in Sources */ = {isa = PBXBuildFile; fileRef = 8F46EEDE2BB3110D00EA59ED /* MealsController.swift */; };
		8FAD9AF02BA12ACD00715DED /* AppDelegate.swift in Sources */ = {isa = PBXBuildFile; fileRef = 8FAD9AEF2BA12ACD00715DED /* AppDelegate.swift */; };
		8FAD9AF22BA12ACD00715DED /* SceneDelegate.swift in Sources */ = {isa = PBXBuildFile; fileRef = 8FAD9AF12BA12ACD00715DED /* SceneDelegate.swift */; };
		8FAD9AF42BA12ACD00715DED /* RegisterController.swift in Sources */ = {isa = PBXBuildFile; fileRef = 8FAD9AF32BA12ACD00715DED /* RegisterController.swift */; };
		8FAD9AF72BA12ACD00715DED /* Main.storyboard in Resources */ = {isa = PBXBuildFile; fileRef = 8FAD9AF52BA12ACD00715DED /* Main.storyboard */; };
		8FAD9AF92BA12ACE00715DED /* Assets.xcassets in Resources */ = {isa = PBXBuildFile; fileRef = 8FAD9AF82BA12ACE00715DED /* Assets.xcassets */; };
		8FAD9AFC2BA12ACE00715DED /* LaunchScreen.storyboard in Resources */ = {isa = PBXBuildFile; fileRef = 8FAD9AFA2BA12ACE00715DED /* LaunchScreen.storyboard */; };
		8FAF2E522BA344A300B9EDFC /* PreferencesController.swift in Sources */ = {isa = PBXBuildFile; fileRef = 8FAF2E512BA344A300B9EDFC /* PreferencesController.swift */; };
		BC585B052BA468E000D956C2 /* MealPlannerController.swift in Sources */ = {isa = PBXBuildFile; fileRef = BC585B042BA468E000D956C2 /* MealPlannerController.swift */; };
		BCD197412BAF249D00AFF3FA /* ScheduleMealViewController.swift in Sources */ = {isa = PBXBuildFile; fileRef = BCD197402BAF249D00AFF3FA /* ScheduleMealViewController.swift */; };
/* End PBXBuildFile section */

/* Begin PBXFileReference section */
		8F46EED62BB3104500EA59ED /* AboutUsController.swift */ = {isa = PBXFileReference; lastKnownFileType = sourcecode.swift; path = AboutUsController.swift; sourceTree = "<group>"; };
		8F46EED82BB3108600EA59ED /* LoginController.swift */ = {isa = PBXFileReference; lastKnownFileType = sourcecode.swift; path = LoginController.swift; sourceTree = "<group>"; };
		8F46EEDA2BB310A900EA59ED /* CoachController.swift */ = {isa = PBXFileReference; lastKnownFileType = sourcecode.swift; path = CoachController.swift; sourceTree = "<group>"; };
		8F46EEDC2BB310D800EA59ED /* MealController.swift */ = {isa = PBXFileReference; lastKnownFileType = sourcecode.swift; path = MealController.swift; sourceTree = "<group>"; };
		8F46EEDE2BB3110D00EA59ED /* MealsController.swift */ = {isa = PBXFileReference; lastKnownFileType = sourcecode.swift; path = MealsController.swift; sourceTree = "<group>"; };
		8FAD9AEC2BA12ACD00715DED /* MealZero.app */ = {isa = PBXFileReference; explicitFileType = wrapper.application; includeInIndex = 0; path = MealZero.app; sourceTree = BUILT_PRODUCTS_DIR; };
		8FAD9AEF2BA12ACD00715DED /* AppDelegate.swift */ = {isa = PBXFileReference; lastKnownFileType = sourcecode.swift; path = AppDelegate.swift; sourceTree = "<group>"; };
		8FAD9AF12BA12ACD00715DED /* SceneDelegate.swift */ = {isa = PBXFileReference; lastKnownFileType = sourcecode.swift; path = SceneDelegate.swift; sourceTree = "<group>"; };
		8FAD9AF32BA12ACD00715DED /* RegisterController.swift */ = {isa = PBXFileReference; lastKnownFileType = sourcecode.swift; path = RegisterController.swift; sourceTree = "<group>"; };
		8FAD9AF62BA12ACD00715DED /* Base */ = {isa = PBXFileReference; lastKnownFileType = file.storyboard; name = Base; path = Base.lproj/Main.storyboard; sourceTree = "<group>"; };
		8FAD9AF82BA12ACE00715DED /* Assets.xcassets */ = {isa = PBXFileReference; lastKnownFileType = folder.assetcatalog; path = Assets.xcassets; sourceTree = "<group>"; };
		8FAD9AFB2BA12ACE00715DED /* Base */ = {isa = PBXFileReference; lastKnownFileType = file.storyboard; name = Base; path = Base.lproj/LaunchScreen.storyboard; sourceTree = "<group>"; };
		8FAD9AFD2BA12ACE00715DED /* Info.plist */ = {isa = PBXFileReference; lastKnownFileType = text.plist.xml; path = Info.plist; sourceTree = "<group>"; };
		8FAF2E512BA344A300B9EDFC /* PreferencesController.swift */ = {isa = PBXFileReference; lastKnownFileType = sourcecode.swift; path = PreferencesController.swift; sourceTree = "<group>"; };
		8FD1F5372BA46C5600B9E939 /* MealPlannerController.swift */ = {isa = PBXFileReference; lastKnownFileType = sourcecode.swift; path = MealPlannerController.swift; sourceTree = "<group>"; };
		BC585B042BA468E000D956C2 /* MealPlannerController.swift */ = {isa = PBXFileReference; lastKnownFileType = sourcecode.swift; path = MealPlannerController.swift; sourceTree = "<group>"; };
		BCD197402BAF249D00AFF3FA /* ScheduleMealViewController.swift */ = {isa = PBXFileReference; lastKnownFileType = sourcecode.swift; path = ScheduleMealViewController.swift; sourceTree = "<group>"; };
/* End PBXFileReference section */

/* Begin PBXFrameworksBuildPhase section */
		8FAD9AE92BA12ACD00715DED /* Frameworks */ = {
			isa = PBXFrameworksBuildPhase;
			buildActionMask = 2147483647;
			files = (
			);
			runOnlyForDeploymentPostprocessing = 0;
		};
/* End PBXFrameworksBuildPhase section */

/* Begin PBXGroup section */
		8FAD9AE32BA12ACD00715DED = {
			isa = PBXGroup;
			children = (
				8FAD9AEE2BA12ACD00715DED /* MealZero */,
				8FAD9AED2BA12ACD00715DED /* Products */,
			);
			sourceTree = "<group>";
		};
		8FAD9AED2BA12ACD00715DED /* Products */ = {
			isa = PBXGroup;
			children = (
				8FAD9AEC2BA12ACD00715DED /* MealZero.app */,
			);
			name = Products;
			sourceTree = "<group>";
		};
		8FAD9AEE2BA12ACD00715DED /* MealZero */ = {
			isa = PBXGroup;
			children = (
				8FAD9AEF2BA12ACD00715DED /* AppDelegate.swift */,
				8FAD9AF12BA12ACD00715DED /* SceneDelegate.swift */,
				BCD197442BAF284E00AFF3FA /* ViewControllers */,
				8FAD9AF52BA12ACD00715DED /* Main.storyboard */,
				8FD1F5372BA46C5600B9E939 /* MealPlannerController.swift */,
				8FAD9AFA2BA12ACE00715DED /* LaunchScreen.storyboard */,
				8FAD9AF82BA12ACE00715DED /* Assets.xcassets */,
				8FAD9AFD2BA12ACE00715DED /* Info.plist */,
			);
			path = MealZero;
			sourceTree = "<group>";
		};
		BCD197442BAF284E00AFF3FA /* ViewControllers */ = {
			isa = PBXGroup;
			children = (
				BCD197462BAF28B300AFF3FA /* UserViewControllers */,
				BCD197452BAF286B00AFF3FA /* TabBarViewControllers */,
				8FAF2E512BA344A300B9EDFC /* PreferencesController.swift */,
				BCD197402BAF249D00AFF3FA /* ScheduleMealViewController.swift */,
				8F46EED62BB3104500EA59ED /* AboutUsController.swift */,
			);
			path = ViewControllers;
			sourceTree = "<group>";
		};
		BCD197452BAF286B00AFF3FA /* TabBarViewControllers */ = {
			isa = PBXGroup;
			children = (
				BC585B042BA468E000D956C2 /* MealPlannerController.swift */,
				8F46EEDA2BB310A900EA59ED /* CoachController.swift */,
				8F46EEDC2BB310D800EA59ED /* MealController.swift */,
				8F46EEDE2BB3110D00EA59ED /* MealsController.swift */,
			);
			path = TabBarViewControllers;
			sourceTree = "<group>";
		};
		BCD197462BAF28B300AFF3FA /* UserViewControllers */ = {
			isa = PBXGroup;
			children = (
				8FAD9AF32BA12ACD00715DED /* RegisterController.swift */,
				8F46EED82BB3108600EA59ED /* LoginController.swift */,
			);
			path = UserViewControllers;
			sourceTree = "<group>";
		};
/* End PBXGroup section */

/* Begin PBXNativeTarget section */
		8FAD9AEB2BA12ACD00715DED /* MealZero */ = {
			isa = PBXNativeTarget;
			buildConfigurationList = 8FAD9B002BA12ACE00715DED /* Build configuration list for PBXNativeTarget "MealZero" */;
			buildPhases = (
				8FAD9AE82BA12ACD00715DED /* Sources */,
				8FAD9AE92BA12ACD00715DED /* Frameworks */,
				8FAD9AEA2BA12ACD00715DED /* Resources */,
			);
			buildRules = (
			);
			dependencies = (
			);
			name = MealZero;
			productName = MealZero;
			productReference = 8FAD9AEC2BA12ACD00715DED /* MealZero.app */;
			productType = "com.apple.product-type.application";
		};
/* End PBXNativeTarget section */

/* Begin PBXProject section */
		8FAD9AE42BA12ACD00715DED /* Project object */ = {
			isa = PBXProject;
			attributes = {
				BuildIndependentTargetsInParallel = 1;
				LastSwiftUpdateCheck = 1500;
				LastUpgradeCheck = 1500;
				TargetAttributes = {
					8FAD9AEB2BA12ACD00715DED = {
						CreatedOnToolsVersion = 15.0.1;
					};
				};
			};
			buildConfigurationList = 8FAD9AE72BA12ACD00715DED /* Build configuration list for PBXProject "MealZero" */;
			compatibilityVersion = "Xcode 14.0";
			developmentRegion = en;
			hasScannedForEncodings = 0;
			knownRegions = (
				en,
				Base,
			);
			mainGroup = 8FAD9AE32BA12ACD00715DED;
			productRefGroup = 8FAD9AED2BA12ACD00715DED /* Products */;
			projectDirPath = "";
			projectRoot = "";
			targets = (
				8FAD9AEB2BA12ACD00715DED /* MealZero */,
			);
		};
/* End PBXProject section */

/* Begin PBXResourcesBuildPhase section */
		8FAD9AEA2BA12ACD00715DED /* Resources */ = {
			isa = PBXResourcesBuildPhase;
			buildActionMask = 2147483647;
			files = (
				8FAD9AFC2BA12ACE00715DED /* LaunchScreen.storyboard in Resources */,
				8FAD9AF92BA12ACE00715DED /* Assets.xcassets in Resources */,
				8FAD9AF72BA12ACD00715DED /* Main.storyboard in Resources */,
			);
			runOnlyForDeploymentPostprocessing = 0;
		};
/* End PBXResourcesBuildPhase section */

/* Begin PBXSourcesBuildPhase section */
		8FAD9AE82BA12ACD00715DED /* Sources */ = {
			isa = PBXSourcesBuildPhase;
			buildActionMask = 2147483647;
			files = (
				8F46EEDF2BB3110D00EA59ED /* MealsController.swift in Sources */,
				8F46EED92BB3108600EA59ED /* LoginController.swift in Sources */,
				8F46EEDB2BB310A900EA59ED /* CoachController.swift in Sources */,
				8F46EED72BB3104500EA59ED /* AboutUsController.swift in Sources */,
				8FAF2E522BA344A300B9EDFC /* PreferencesController.swift in Sources */,
				BCD197412BAF249D00AFF3FA /* ScheduleMealViewController.swift in Sources */,
				BC585B052BA468E000D956C2 /* MealPlannerController.swift in Sources */,
				8F46EEDD2BB310D800EA59ED /* MealController.swift in Sources */,
				8FAD9AF42BA12ACD00715DED /* RegisterController.swift in Sources */,
				8FAD9AF02BA12ACD00715DED /* AppDelegate.swift in Sources */,
				8FAD9AF22BA12ACD00715DED /* SceneDelegate.swift in Sources */,
			);
			runOnlyForDeploymentPostprocessing = 0;
		};
/* End PBXSourcesBuildPhase section */

/* Begin PBXVariantGroup section */
		8FAD9AF52BA12ACD00715DED /* Main.storyboard */ = {
			isa = PBXVariantGroup;
			children = (
				8FAD9AF62BA12ACD00715DED /* Base */,
			);
			name = Main.storyboard;
			sourceTree = "<group>";
		};
		8FAD9AFA2BA12ACE00715DED /* LaunchScreen.storyboard */ = {
			isa = PBXVariantGroup;
			children = (
				8FAD9AFB2BA12ACE00715DED /* Base */,
			);
			name = LaunchScreen.storyboard;
			sourceTree = "<group>";
		};
/* End PBXVariantGroup section */

/* Begin XCBuildConfiguration section */
		8FAD9AFE2BA12ACE00715DED /* Debug */ = {
			isa = XCBuildConfiguration;
			buildSettings = {
				ALWAYS_SEARCH_USER_PATHS = NO;
				ASSETCATALOG_COMPILER_GENERATE_SWIFT_ASSET_SYMBOL_EXTENSIONS = YES;
				CLANG_ANALYZER_NONNULL = YES;
				CLANG_ANALYZER_NUMBER_OBJECT_CONVERSION = YES_AGGRESSIVE;
				CLANG_CXX_LANGUAGE_STANDARD = "gnu++20";
				CLANG_ENABLE_MODULES = YES;
				CLANG_ENABLE_OBJC_ARC = YES;
				CLANG_ENABLE_OBJC_WEAK = YES;
				CLANG_WARN_BLOCK_CAPTURE_AUTORELEASING = YES;
				CLANG_WARN_BOOL_CONVERSION = YES;
				CLANG_WARN_COMMA = YES;
				CLANG_WARN_CONSTANT_CONVERSION = YES;
				CLANG_WARN_DEPRECATED_OBJC_IMPLEMENTATIONS = YES;
				CLANG_WARN_DIRECT_OBJC_ISA_USAGE = YES_ERROR;
				CLANG_WARN_DOCUMENTATION_COMMENTS = YES;
				CLANG_WARN_EMPTY_BODY = YES;
				CLANG_WARN_ENUM_CONVERSION = YES;
				CLANG_WARN_INFINITE_RECURSION = YES;
				CLANG_WARN_INT_CONVERSION = YES;
				CLANG_WARN_NON_LITERAL_NULL_CONVERSION = YES;
				CLANG_WARN_OBJC_IMPLICIT_RETAIN_SELF = YES;
				CLANG_WARN_OBJC_LITERAL_CONVERSION = YES;
				CLANG_WARN_OBJC_ROOT_CLASS = YES_ERROR;
				CLANG_WARN_QUOTED_INCLUDE_IN_FRAMEWORK_HEADER = YES;
				CLANG_WARN_RANGE_LOOP_ANALYSIS = YES;
				CLANG_WARN_STRICT_PROTOTYPES = YES;
				CLANG_WARN_SUSPICIOUS_MOVE = YES;
				CLANG_WARN_UNGUARDED_AVAILABILITY = YES_AGGRESSIVE;
				CLANG_WARN_UNREACHABLE_CODE = YES;
				CLANG_WARN__DUPLICATE_METHOD_MATCH = YES;
				COPY_PHASE_STRIP = NO;
				DEBUG_INFORMATION_FORMAT = dwarf;
				ENABLE_STRICT_OBJC_MSGSEND = YES;
				ENABLE_TESTABILITY = YES;
				ENABLE_USER_SCRIPT_SANDBOXING = YES;
				GCC_C_LANGUAGE_STANDARD = gnu17;
				GCC_DYNAMIC_NO_PIC = NO;
				GCC_NO_COMMON_BLOCKS = YES;
				GCC_OPTIMIZATION_LEVEL = 0;
				GCC_PREPROCESSOR_DEFINITIONS = (
					"DEBUG=1",
					"$(inherited)",
				);
				GCC_WARN_64_TO_32_BIT_CONVERSION = YES;
				GCC_WARN_ABOUT_RETURN_TYPE = YES_ERROR;
				GCC_WARN_UNDECLARED_SELECTOR = YES;
				GCC_WARN_UNINITIALIZED_AUTOS = YES_AGGRESSIVE;
				GCC_WARN_UNUSED_FUNCTION = YES;
				GCC_WARN_UNUSED_VARIABLE = YES;
				IPHONEOS_DEPLOYMENT_TARGET = 17.0;
				LOCALIZATION_PREFERS_STRING_CATALOGS = YES;
				MTL_ENABLE_DEBUG_INFO = INCLUDE_SOURCE;
				MTL_FAST_MATH = YES;
				ONLY_ACTIVE_ARCH = YES;
				SDKROOT = iphoneos;
				SWIFT_ACTIVE_COMPILATION_CONDITIONS = "DEBUG $(inherited)";
				SWIFT_OPTIMIZATION_LEVEL = "-Onone";
			};
			name = Debug;
		};
		8FAD9AFF2BA12ACE00715DED /* Release */ = {
			isa = XCBuildConfiguration;
			buildSettings = {
				ALWAYS_SEARCH_USER_PATHS = NO;
				ASSETCATALOG_COMPILER_GENERATE_SWIFT_ASSET_SYMBOL_EXTENSIONS = YES;
				CLANG_ANALYZER_NONNULL = YES;
				CLANG_ANALYZER_NUMBER_OBJECT_CONVERSION = YES_AGGRESSIVE;
				CLANG_CXX_LANGUAGE_STANDARD = "gnu++20";
				CLANG_ENABLE_MODULES = YES;
				CLANG_ENABLE_OBJC_ARC = YES;
				CLANG_ENABLE_OBJC_WEAK = YES;
				CLANG_WARN_BLOCK_CAPTURE_AUTORELEASING = YES;
				CLANG_WARN_BOOL_CONVERSION = YES;
				CLANG_WARN_COMMA = YES;
				CLANG_WARN_CONSTANT_CONVERSION = YES;
				CLANG_WARN_DEPRECATED_OBJC_IMPLEMENTATIONS = YES;
				CLANG_WARN_DIRECT_OBJC_ISA_USAGE = YES_ERROR;
				CLANG_WARN_DOCUMENTATION_COMMENTS = YES;
				CLANG_WARN_EMPTY_BODY = YES;
				CLANG_WARN_ENUM_CONVERSION = YES;
				CLANG_WARN_INFINITE_RECURSION = YES;
				CLANG_WARN_INT_CONVERSION = YES;
				CLANG_WARN_NON_LITERAL_NULL_CONVERSION = YES;
				CLANG_WARN_OBJC_IMPLICIT_RETAIN_SELF = YES;
				CLANG_WARN_OBJC_LITERAL_CONVERSION = YES;
				CLANG_WARN_OBJC_ROOT_CLASS = YES_ERROR;
				CLANG_WARN_QUOTED_INCLUDE_IN_FRAMEWORK_HEADER = YES;
				CLANG_WARN_RANGE_LOOP_ANALYSIS = YES;
				CLANG_WARN_STRICT_PROTOTYPES = YES;
				CLANG_WARN_SUSPICIOUS_MOVE = YES;
				CLANG_WARN_UNGUARDED_AVAILABILITY = YES_AGGRESSIVE;
				CLANG_WARN_UNREACHABLE_CODE = YES;
				CLANG_WARN__DUPLICATE_METHOD_MATCH = YES;
				COPY_PHASE_STRIP = NO;
				DEBUG_INFORMATION_FORMAT = "dwarf-with-dsym";
				ENABLE_NS_ASSERTIONS = NO;
				ENABLE_STRICT_OBJC_MSGSEND = YES;
				ENABLE_USER_SCRIPT_SANDBOXING = YES;
				GCC_C_LANGUAGE_STANDARD = gnu17;
				GCC_NO_COMMON_BLOCKS = YES;
				GCC_WARN_64_TO_32_BIT_CONVERSION = YES;
				GCC_WARN_ABOUT_RETURN_TYPE = YES_ERROR;
				GCC_WARN_UNDECLARED_SELECTOR = YES;
				GCC_WARN_UNINITIALIZED_AUTOS = YES_AGGRESSIVE;
				GCC_WARN_UNUSED_FUNCTION = YES;
				GCC_WARN_UNUSED_VARIABLE = YES;
				IPHONEOS_DEPLOYMENT_TARGET = 17.0;
				LOCALIZATION_PREFERS_STRING_CATALOGS = YES;
				MTL_ENABLE_DEBUG_INFO = NO;
				MTL_FAST_MATH = YES;
				SDKROOT = iphoneos;
				SWIFT_COMPILATION_MODE = wholemodule;
				VALIDATE_PRODUCT = YES;
			};
			name = Release;
		};
		8FAD9B012BA12ACE00715DED /* Debug */ = {
			isa = XCBuildConfiguration;
			buildSettings = {
				ASSETCATALOG_COMPILER_APPICON_NAME = AppIcon;
				ASSETCATALOG_COMPILER_GLOBAL_ACCENT_COLOR_NAME = AccentColor;
				CODE_SIGN_STYLE = Automatic;
				CURRENT_PROJECT_VERSION = 1;
				DEVELOPMENT_TEAM = 3CKF9447JB;
				GENERATE_INFOPLIST_FILE = YES;
				INFOPLIST_FILE = MealZero/Info.plist;
				INFOPLIST_KEY_UIApplicationSupportsIndirectInputEvents = YES;
				INFOPLIST_KEY_UILaunchStoryboardName = LaunchScreen;
				INFOPLIST_KEY_UIMainStoryboardFile = Main;
				INFOPLIST_KEY_UISupportedInterfaceOrientations_iPad = "UIInterfaceOrientationPortrait UIInterfaceOrientationPortraitUpsideDown UIInterfaceOrientationLandscapeLeft UIInterfaceOrientationLandscapeRight";
				INFOPLIST_KEY_UISupportedInterfaceOrientations_iPhone = "UIInterfaceOrientationPortrait UIInterfaceOrientationLandscapeLeft UIInterfaceOrientationLandscapeRight";
				LD_RUNPATH_SEARCH_PATHS = (
					"$(inherited)",
					"@executable_path/Frameworks",
				);
				MARKETING_VERSION = 1.0;
				PRODUCT_BUNDLE_IDENTIFIER = com.aarsentev.MealZero;
				PRODUCT_NAME = "$(TARGET_NAME)";
				SWIFT_EMIT_LOC_STRINGS = YES;
				SWIFT_VERSION = 5.0;
				TARGETED_DEVICE_FAMILY = "1,2";
			};
			name = Debug;
		};
		8FAD9B022BA12ACE00715DED /* Release */ = {
			isa = XCBuildConfiguration;
			buildSettings = {
				ASSETCATALOG_COMPILER_APPICON_NAME = AppIcon;
				ASSETCATALOG_COMPILER_GLOBAL_ACCENT_COLOR_NAME = AccentColor;
				CODE_SIGN_STYLE = Automatic;
				CURRENT_PROJECT_VERSION = 1;
				DEVELOPMENT_TEAM = 3CKF9447JB;
				GENERATE_INFOPLIST_FILE = YES;
				INFOPLIST_FILE = MealZero/Info.plist;
				INFOPLIST_KEY_UIApplicationSupportsIndirectInputEvents = YES;
				INFOPLIST_KEY_UILaunchStoryboardName = LaunchScreen;
				INFOPLIST_KEY_UIMainStoryboardFile = Main;
				INFOPLIST_KEY_UISupportedInterfaceOrientations_iPad = "UIInterfaceOrientationPortrait UIInterfaceOrientationPortraitUpsideDown UIInterfaceOrientationLandscapeLeft UIInterfaceOrientationLandscapeRight";
				INFOPLIST_KEY_UISupportedInterfaceOrientations_iPhone = "UIInterfaceOrientationPortrait UIInterfaceOrientationLandscapeLeft UIInterfaceOrientationLandscapeRight";
				LD_RUNPATH_SEARCH_PATHS = (
					"$(inherited)",
					"@executable_path/Frameworks",
				);
				MARKETING_VERSION = 1.0;
				PRODUCT_BUNDLE_IDENTIFIER = com.aarsentev.MealZero;
				PRODUCT_NAME = "$(TARGET_NAME)";
				SWIFT_EMIT_LOC_STRINGS = YES;
				SWIFT_VERSION = 5.0;
				TARGETED_DEVICE_FAMILY = "1,2";
			};
			name = Release;
		};
/* End XCBuildConfiguration section */

/* Begin XCConfigurationList section */
		8FAD9AE72BA12ACD00715DED /* Build configuration list for PBXProject "MealZero" */ = {
			isa = XCConfigurationList;
			buildConfigurations = (
				8FAD9AFE2BA12ACE00715DED /* Debug */,
				8FAD9AFF2BA12ACE00715DED /* Release */,
			);
			defaultConfigurationIsVisible = 0;
			defaultConfigurationName = Release;
		};
		8FAD9B002BA12ACE00715DED /* Build configuration list for PBXNativeTarget "MealZero" */ = {
			isa = XCConfigurationList;
			buildConfigurations = (
				8FAD9B012BA12ACE00715DED /* Debug */,
				8FAD9B022BA12ACE00715DED /* Release */,
			);
			defaultConfigurationIsVisible = 0;
			defaultConfigurationName = Release;
		};
/* End XCConfigurationList section */
	};
	rootObject = 8FAD9AE42BA12ACD00715DED /* Project object */;
}
